// !$*UTF8*$!
{
	archiveVersion = 1;
	classes = {
	};
	objectVersion = 70;
	objects = {

/* Begin PBXBuildFile section */
		A1B2C3D401 /* FocusCageApp.swift in Sources */ = {isa = PBXBuildFile; fileRef = A1B2C3D402 /* FocusCageApp.swift */; };
		A1B2C3D403 /* ContentView.swift in Sources */ = {isa = PBXBuildFile; fileRef = A1B2C3D404 /* ContentView.swift */; };
		A1B2C3D405 /* Assets.xcassets in Resources */ = {isa = PBXBuildFile; fileRef = A1B2C3D406 /* Assets.xcassets */; };
		A1B2C3D407 /* FocusProfile.swift in Sources */ = {isa = PBXBuildFile; fileRef = A1B2C3D408 /* FocusProfile.swift */; };
		A1B2C3D409 /* ProfileManager.swift in Sources */ = {isa = PBXBuildFile; fileRef = A1B2C3D410 /* ProfileManager.swift */; };
		A1B2C3D411 /* ScreenTimeManager.swift in Sources */ = {isa = PBXBuildFile; fileRef = A1B2C3D412 /* ScreenTimeManager.swift */; };
		A1B2C3D413 /* ProfileListView.swift in Sources */ = {isa = PBXBuildFile; fileRef = A1B2C3D414 /* ProfileListView.swift */; };
		A1B2C3D415 /* ProfileDetailView.swift in Sources */ = {isa = PBXBuildFile; fileRef = A1B2C3D416 /* ProfileDetailView.swift */; };
		A1B2C3D417 /* CreateProfileView.swift in Sources */ = {isa = PBXBuildFile; fileRef = A1B2C3D418 /* CreateProfileView.swift */; };
		A1B2C3D419 /* AppSelectionView.swift in Sources */ = {isa = PBXBuildFile; fileRef = A1B2C3D420 /* AppSelectionView.swift */; };
		A1B2C3D421 /* ScheduleView.swift in Sources */ = {isa = PBXBuildFile; fileRef = A1B2C3D422 /* ScheduleView.swift */; };
		A1B2C3D423 /* ActiveProfileView.swift in Sources */ = {isa = PBXBuildFile; fileRef = A1B2C3D424 /* ActiveProfileView.swift */; };
		A1B2C3D425 /* SettingsView.swift in Sources */ = {isa = PBXBuildFile; fileRef = A1B2C3D426 /* SettingsView.swift */; };
		A1B2C3D429 /* WebsiteSelectionView.swift in Sources */ = {isa = PBXBuildFile; fileRef = A1B2C3D430 /* WebsiteSelectionView.swift */; };
		A1B2C3D431 /* LaunchScreen.storyboard in Resources */ = {isa = PBXBuildFile; fileRef = A1B2C3D432 /* LaunchScreen.storyboard */; };
		E1E2E3E4A1 /* DeviceActivityMonitorExtension.swift in Sources */ = {isa = PBXBuildFile; fileRef = E1E2E3E4A2 /* DeviceActivityMonitorExtension.swift */; };
		E1E2E3E4A3 /* FocusProfile.swift in Sources */ = {isa = PBXBuildFile; fileRef = A1B2C3D408 /* FocusProfile.swift */; };
		E1E2E3E4A4 /* SharedDefaults.swift in Sources */ = {isa = PBXBuildFile; fileRef = E1E2E3E4A9 /* SharedDefaults.swift */; };
		E1E2E3E4A5 /* SharedDefaults.swift in Sources */ = {isa = PBXBuildFile; fileRef = E1E2E3E4A9 /* SharedDefaults.swift */; };
		E1E2E3E4BF /* FocusCageMonitor.appex in Embed App Extensions */ = {isa = PBXBuildFile; fileRef = E1E2E3E4A8 /* FocusCageMonitor.appex */; settings = {ATTRIBUTES = (RemoveHeadersOnCopy, ); }; };
		F1F2F3F401 /* CooldownSheet.swift in Sources */ = {isa = PBXBuildFile; fileRef = F1F2F3F402 /* CooldownSheet.swift */; };
		F1F2F3F403 /* NuclearButtonSheet.swift in Sources */ = {isa = PBXBuildFile; fileRef = F1F2F3F404 /* NuclearButtonSheet.swift */; };
		FCAE90082F380555005C55C1 /* WidgetKit.framework in Frameworks */ = {isa = PBXBuildFile; fileRef = FCAE90072F380555005C55C1 /* WidgetKit.framework */; };
		FCAE900A2F380555005C55C1 /* SwiftUI.framework in Frameworks */ = {isa = PBXBuildFile; fileRef = FCAE90092F380555005C55C1 /* SwiftUI.framework */; };
		FCAE90192F380555005C55C1 /* FocusCageWidgetExtension.appex in Embed App Extensions */ = {isa = PBXBuildFile; fileRef = FCAE90052F380554005C55C1 /* FocusCageWidgetExtension.appex */; settings = {ATTRIBUTES = (RemoveHeadersOnCopy, ); }; };
		G1G2G3G401 /* AppTheme.swift in Sources */ = {isa = PBXBuildFile; fileRef = G1G2G3G402 /* AppTheme.swift */; };
		G1G2G3G403 /* ThemeManager.swift in Sources */ = {isa = PBXBuildFile; fileRef = G1G2G3G404 /* ThemeManager.swift */; };
		G1G2G3G405 /* SplashScreenView.swift in Sources */ = {isa = PBXBuildFile; fileRef = G1G2G3G406 /* SplashScreenView.swift */; };
		H1H2H3H401 /* OnboardingView.swift in Sources */ = {isa = PBXBuildFile; fileRef = H1H2H3H402 /* OnboardingView.swift */; };
		H1H2H3H403 /* FocusSession.swift in Sources */ = {isa = PBXBuildFile; fileRef = H1H2H3H404 /* FocusSession.swift */; };
		H1H2H3H405 /* StatisticsManager.swift in Sources */ = {isa = PBXBuildFile; fileRef = H1H2H3H406 /* StatisticsManager.swift */; };
		H1H2H3H407 /* StatisticsView.swift in Sources */ = {isa = PBXBuildFile; fileRef = H1H2H3H408 /* StatisticsView.swift */; };
		H1H2H3H409 /* FocusCageActivity.swift in Sources */ = {isa = PBXBuildFile; fileRef = H1H2H3H410 /* FocusCageActivity.swift */; };
/* End PBXBuildFile section */

/* Begin PBXContainerItemProxy section */
		E1E2E3E4CP /* PBXContainerItemProxy */ = {
			isa = PBXContainerItemProxy;
			containerPortal = A1B2C3D4PJ /* Project object */;
			proxyType = 1;
			remoteGlobalIDString = E1E2E3E4NT;
			remoteInfo = FocusCageMonitor;
		};
		FCAE90172F380555005C55C1 /* PBXContainerItemProxy */ = {
			isa = PBXContainerItemProxy;
			containerPortal = A1B2C3D4PJ /* Project object */;
			proxyType = 1;
			remoteGlobalIDString = FCAE90042F380554005C55C1;
			remoteInfo = FocusCageWidgetExtension;
		};
/* End PBXContainerItemProxy section */

/* Begin PBXCopyFilesBuildPhase section */
		E1E2E3E4CF /* Embed App Extensions */ = {
			isa = PBXCopyFilesBuildPhase;
			buildActionMask = 2147483647;
			dstPath = "";
			dstSubfolderSpec = 13;
			files = (
				E1E2E3E4BF /* FocusCageMonitor.appex in Embed App Extensions */,
				FCAE90192F380555005C55C1 /* FocusCageWidgetExtension.appex in Embed App Extensions */,
			);
			name = "Embed App Extensions";
			runOnlyForDeploymentPostprocessing = 0;
		};
/* End PBXCopyFilesBuildPhase section */

/* Begin PBXFileReference section */
		A1B2C3D400 /* FocusCage.app */ = {isa = PBXFileReference; explicitFileType = wrapper.application; includeInIndex = 0; path = FocusCage.app; sourceTree = BUILT_PRODUCTS_DIR; };
		A1B2C3D402 /* FocusCageApp.swift */ = {isa = PBXFileReference; lastKnownFileType = sourcecode.swift; path = FocusCageApp.swift; sourceTree = "<group>"; };
		A1B2C3D404 /* ContentView.swift */ = {isa = PBXFileReference; lastKnownFileType = sourcecode.swift; path = ContentView.swift; sourceTree = "<group>"; };
		A1B2C3D406 /* Assets.xcassets */ = {isa = PBXFileReference; lastKnownFileType = folder.assetcatalog; path = Assets.xcassets; sourceTree = "<group>"; };
		A1B2C3D408 /* FocusProfile.swift */ = {isa = PBXFileReference; lastKnownFileType = sourcecode.swift; path = FocusProfile.swift; sourceTree = "<group>"; };
		A1B2C3D410 /* ProfileManager.swift */ = {isa = PBXFileReference; lastKnownFileType = sourcecode.swift; path = ProfileManager.swift; sourceTree = "<group>"; };
		A1B2C3D412 /* ScreenTimeManager.swift */ = {isa = PBXFileReference; lastKnownFileType = sourcecode.swift; path = ScreenTimeManager.swift; sourceTree = "<group>"; };
		A1B2C3D414 /* ProfileListView.swift */ = {isa = PBXFileReference; lastKnownFileType = sourcecode.swift; path = ProfileListView.swift; sourceTree = "<group>"; };
		A1B2C3D416 /* ProfileDetailView.swift */ = {isa = PBXFileReference; lastKnownFileType = sourcecode.swift; path = ProfileDetailView.swift; sourceTree = "<group>"; };
		A1B2C3D418 /* CreateProfileView.swift */ = {isa = PBXFileReference; lastKnownFileType = sourcecode.swift; path = CreateProfileView.swift; sourceTree = "<group>"; };
		A1B2C3D420 /* AppSelectionView.swift */ = {isa = PBXFileReference; lastKnownFileType = sourcecode.swift; path = AppSelectionView.swift; sourceTree = "<group>"; };
		A1B2C3D422 /* ScheduleView.swift */ = {isa = PBXFileReference; lastKnownFileType = sourcecode.swift; path = ScheduleView.swift; sourceTree = "<group>"; };
		A1B2C3D424 /* ActiveProfileView.swift */ = {isa = PBXFileReference; lastKnownFileType = sourcecode.swift; path = ActiveProfileView.swift; sourceTree = "<group>"; };
		A1B2C3D426 /* SettingsView.swift */ = {isa = PBXFileReference; lastKnownFileType = sourcecode.swift; path = SettingsView.swift; sourceTree = "<group>"; };
		A1B2C3D427 /* Info.plist */ = {isa = PBXFileReference; lastKnownFileType = text.plist.xml; path = Info.plist; sourceTree = "<group>"; };
		A1B2C3D428 /* FocusCage.entitlements */ = {isa = PBXFileReference; lastKnownFileType = text.plist.entitlements; path = FocusCage.entitlements; sourceTree = "<group>"; };
		A1B2C3D430 /* WebsiteSelectionView.swift */ = {isa = PBXFileReference; lastKnownFileType = sourcecode.swift; path = WebsiteSelectionView.swift; sourceTree = "<group>"; };
		A1B2C3D432 /* LaunchScreen.storyboard */ = {isa = PBXFileReference; lastKnownFileType = file.storyboard; path = LaunchScreen.storyboard; sourceTree = "<group>"; };
		E1E2E3E4A2 /* DeviceActivityMonitorExtension.swift */ = {isa = PBXFileReference; lastKnownFileType = sourcecode.swift; path = DeviceActivityMonitorExtension.swift; sourceTree = "<group>"; };
		E1E2E3E4A6 /* Info.plist */ = {isa = PBXFileReference; lastKnownFileType = text.plist.xml; path = Info.plist; sourceTree = "<group>"; };
		E1E2E3E4A7 /* FocusCageMonitor.entitlements */ = {isa = PBXFileReference; lastKnownFileType = text.plist.entitlements; path = FocusCageMonitor.entitlements; sourceTree = "<group>"; };
		E1E2E3E4A8 /* FocusCageMonitor.appex */ = {isa = PBXFileReference; explicitFileType = "wrapper.app-extension"; includeInIndex = 0; path = FocusCageMonitor.appex; sourceTree = BUILT_PRODUCTS_DIR; };
		E1E2E3E4A9 /* SharedDefaults.swift */ = {isa = PBXFileReference; lastKnownFileType = sourcecode.swift; path = SharedDefaults.swift; sourceTree = "<group>"; };
		F1F2F3F402 /* CooldownSheet.swift */ = {isa = PBXFileReference; lastKnownFileType = sourcecode.swift; path = CooldownSheet.swift; sourceTree = "<group>"; };
		F1F2F3F404 /* NuclearButtonSheet.swift */ = {isa = PBXFileReference; lastKnownFileType = sourcecode.swift; path = NuclearButtonSheet.swift; sourceTree = "<group>"; };
		FCAE90052F380554005C55C1 /* FocusCageWidgetExtension.appex */ = {isa = PBXFileReference; explicitFileType = "wrapper.app-extension"; includeInIndex = 0; path = FocusCageWidgetExtension.appex; sourceTree = BUILT_PRODUCTS_DIR; };
		FCAE90072F380555005C55C1 /* WidgetKit.framework */ = {isa = PBXFileReference; lastKnownFileType = wrapper.framework; name = WidgetKit.framework; path = System/Library/Frameworks/WidgetKit.framework; sourceTree = SDKROOT; };
		FCAE90092F380555005C55C1 /* SwiftUI.framework */ = {isa = PBXFileReference; lastKnownFileType = wrapper.framework; name = SwiftUI.framework; path = System/Library/Frameworks/SwiftUI.framework; sourceTree = SDKROOT; };
		FCAE901E2F3805CA005C55C1 /* FocusCageWidgetExtension.entitlements */ = {isa = PBXFileReference; lastKnownFileType = text.plist.entitlements; path = FocusCageWidgetExtension.entitlements; sourceTree = "<group>"; };
		G1G2G3G402 /* AppTheme.swift */ = {isa = PBXFileReference; lastKnownFileType = sourcecode.swift; path = AppTheme.swift; sourceTree = "<group>"; };
		G1G2G3G404 /* ThemeManager.swift */ = {isa = PBXFileReference; lastKnownFileType = sourcecode.swift; path = ThemeManager.swift; sourceTree = "<group>"; };
		G1G2G3G406 /* SplashScreenView.swift */ = {isa = PBXFileReference; lastKnownFileType = sourcecode.swift; path = SplashScreenView.swift; sourceTree = "<group>"; };
		H1H2H3H402 /* OnboardingView.swift */ = {isa = PBXFileReference; lastKnownFileType = sourcecode.swift; path = OnboardingView.swift; sourceTree = "<group>"; };
		H1H2H3H404 /* FocusSession.swift */ = {isa = PBXFileReference; lastKnownFileType = sourcecode.swift; path = FocusSession.swift; sourceTree = "<group>"; };
		H1H2H3H406 /* StatisticsManager.swift */ = {isa = PBXFileReference; lastKnownFileType = sourcecode.swift; path = StatisticsManager.swift; sourceTree = "<group>"; };
		H1H2H3H408 /* StatisticsView.swift */ = {isa = PBXFileReference; lastKnownFileType = sourcecode.swift; path = StatisticsView.swift; sourceTree = "<group>"; };
		H1H2H3H410 /* FocusCageActivity.swift */ = {isa = PBXFileReference; lastKnownFileType = sourcecode.swift; path = FocusCageActivity.swift; sourceTree = "<group>"; };
/* End PBXFileReference section */

/* Begin PBXFileSystemSynchronizedBuildFileExceptionSet section */
		FCAE901C2F380555005C55C1 /* PBXFileSystemSynchronizedBuildFileExceptionSet */ = {
			isa = PBXFileSystemSynchronizedBuildFileExceptionSet;
			membershipExceptions = (
				Info.plist,
			);
			target = FCAE90042F380554005C55C1 /* FocusCageWidgetExtension */;
		};
/* End PBXFileSystemSynchronizedBuildFileExceptionSet section */

/* Begin PBXFileSystemSynchronizedRootGroup section */
		FCAE900B2F380555005C55C1 /* FocusCageWidget */ = {isa = PBXFileSystemSynchronizedRootGroup; exceptions = (FCAE901C2F380555005C55C1 /* PBXFileSystemSynchronizedBuildFileExceptionSet */, ); explicitFileTypes = {}; explicitFolders = (); path = FocusCageWidget; sourceTree = "<group>"; };
/* End PBXFileSystemSynchronizedRootGroup section */

/* Begin PBXFrameworksBuildPhase section */
		A1B2C3D4FW /* Frameworks */ = {
			isa = PBXFrameworksBuildPhase;
			buildActionMask = 2147483647;
			files = (
			);
			runOnlyForDeploymentPostprocessing = 0;
		};
		E1E2E3E4FW /* Frameworks */ = {
			isa = PBXFrameworksBuildPhase;
			buildActionMask = 2147483647;
			files = (
			);
			runOnlyForDeploymentPostprocessing = 0;
		};
		FCAE90022F380554005C55C1 /* Frameworks */ = {
			isa = PBXFrameworksBuildPhase;
			buildActionMask = 2147483647;
			files = (
				FCAE900A2F380555005C55C1 /* SwiftUI.framework in Frameworks */,
				FCAE90082F380555005C55C1 /* WidgetKit.framework in Frameworks */,
			);
			runOnlyForDeploymentPostprocessing = 0;
		};
/* End PBXFrameworksBuildPhase section */

/* Begin PBXGroup section */
		A1B2C3D4G1 = {
			isa = PBXGroup;
			children = (
				FCAE901E2F3805CA005C55C1 /* FocusCageWidgetExtension.entitlements */,
				A1B2C3D4G2 /* FocusCage */,
				E1E2E3E4G1 /* FocusCageMonitor */,
				FCAE900B2F380555005C55C1 /* FocusCageWidget */,
				FCAE90062F380555005C55C1 /* Frameworks */,
				A1B2C3D4G3 /* Products */,
			);
			sourceTree = "<group>";
		};
		A1B2C3D4G2 /* FocusCage */ = {
			isa = PBXGroup;
			children = (
				A1B2C3D402 /* FocusCageApp.swift */,
				A1B2C3D404 /* ContentView.swift */,
				A1B2C3D4G4 /* Models */,
				A1B2C3D4G5 /* Managers */,
				A1B2C3D4G6 /* Views */,
				A1B2C3D406 /* Assets.xcassets */,
				A1B2C3D427 /* Info.plist */,
				A1B2C3D428 /* FocusCage.entitlements */,
				A1B2C3D432 /* LaunchScreen.storyboard */,
			);
			path = FocusCage;
			sourceTree = "<group>";
		};
		A1B2C3D4G3 /* Products */ = {
			isa = PBXGroup;
			children = (
				A1B2C3D400 /* FocusCage.app */,
				E1E2E3E4A8 /* FocusCageMonitor.appex */,
				FCAE90052F380554005C55C1 /* FocusCageWidgetExtension.appex */,
			);
			name = Products;
			sourceTree = "<group>";
		};
		A1B2C3D4G4 /* Models */ = {
			isa = PBXGroup;
			children = (
				A1B2C3D408 /* FocusProfile.swift */,
				G1G2G3G402 /* AppTheme.swift */,
				H1H2H3H404 /* FocusSession.swift */,
				H1H2H3H410 /* FocusCageActivity.swift */,
			);
			path = Models;
			sourceTree = "<group>";
		};
		A1B2C3D4G5 /* Managers */ = {
			isa = PBXGroup;
			children = (
				A1B2C3D410 /* ProfileManager.swift */,
				A1B2C3D412 /* ScreenTimeManager.swift */,
				E1E2E3E4A9 /* SharedDefaults.swift */,
				G1G2G3G404 /* ThemeManager.swift */,
				H1H2H3H406 /* StatisticsManager.swift */,
			);
			path = Managers;
			sourceTree = "<group>";
		};
		A1B2C3D4G6 /* Views */ = {
			isa = PBXGroup;
			children = (
				A1B2C3D414 /* ProfileListView.swift */,
				A1B2C3D416 /* ProfileDetailView.swift */,
				A1B2C3D418 /* CreateProfileView.swift */,
				A1B2C3D420 /* AppSelectionView.swift */,
				A1B2C3D422 /* ScheduleView.swift */,
				A1B2C3D424 /* ActiveProfileView.swift */,
				A1B2C3D426 /* SettingsView.swift */,
				A1B2C3D430 /* WebsiteSelectionView.swift */,
				F1F2F3F402 /* CooldownSheet.swift */,
				F1F2F3F404 /* NuclearButtonSheet.swift */,
				G1G2G3G406 /* SplashScreenView.swift */,
				H1H2H3H402 /* OnboardingView.swift */,
				H1H2H3H408 /* StatisticsView.swift */,
			);
			path = Views;
			sourceTree = "<group>";
		};
		E1E2E3E4G1 /* FocusCageMonitor */ = {
			isa = PBXGroup;
			children = (
				E1E2E3E4A2 /* DeviceActivityMonitorExtension.swift */,
				E1E2E3E4A6 /* Info.plist */,
				E1E2E3E4A7 /* FocusCageMonitor.entitlements */,
			);
			path = FocusCageMonitor;
			sourceTree = "<group>";
		};
		FCAE90062F380555005C55C1 /* Frameworks */ = {
			isa = PBXGroup;
			children = (
				FCAE90072F380555005C55C1 /* WidgetKit.framework */,
				FCAE90092F380555005C55C1 /* SwiftUI.framework */,
			);
			name = Frameworks;
			sourceTree = "<group>";
		};
/* End PBXGroup section */

/* Begin PBXNativeTarget section */
		A1B2C3D4NT /* FocusCage */ = {
			isa = PBXNativeTarget;
			buildConfigurationList = A1B2C3D4CL /* Build configuration list for PBXNativeTarget "FocusCage" */;
			buildPhases = (
				A1B2C3D4SR /* Sources */,
				A1B2C3D4FW /* Frameworks */,
				A1B2C3D4RS /* Resources */,
				E1E2E3E4CF /* Embed App Extensions */,
			);
			buildRules = (
			);
			dependencies = (
				E1E2E3E4TD /* PBXTargetDependency */,
				FCAE90182F380555005C55C1 /* PBXTargetDependency */,
			);
			name = FocusCage;
			productName = FocusCage;
			productReference = A1B2C3D400 /* FocusCage.app */;
			productType = "com.apple.product-type.application";
		};
		E1E2E3E4NT /* FocusCageMonitor */ = {
			isa = PBXNativeTarget;
			buildConfigurationList = E1E2E3E4CL /* Build configuration list for PBXNativeTarget "FocusCageMonitor" */;
			buildPhases = (
				E1E2E3E4SR /* Sources */,
				E1E2E3E4FW /* Frameworks */,
				E1E2E3E4RS /* Resources */,
			);
			buildRules = (
			);
			dependencies = (
			);
			name = FocusCageMonitor;
			productName = FocusCageMonitor;
			productReference = E1E2E3E4A8 /* FocusCageMonitor.appex */;
			productType = "com.apple.product-type.app-extension";
		};
		FCAE90042F380554005C55C1 /* FocusCageWidgetExtension */ = {
			isa = PBXNativeTarget;
			buildConfigurationList = FCAE901D2F380555005C55C1 /* Build configuration list for PBXNativeTarget "FocusCageWidgetExtension" */;
			buildPhases = (
				FCAE90012F380554005C55C1 /* Sources */,
				FCAE90022F380554005C55C1 /* Frameworks */,
				FCAE90032F380554005C55C1 /* Resources */,
			);
			buildRules = (
			);
			dependencies = (
			);
			fileSystemSynchronizedGroups = (
				FCAE900B2F380555005C55C1 /* FocusCageWidget */,
			);
			name = FocusCageWidgetExtension;
			packageProductDependencies = (
			);
			productName = FocusCageWidgetExtension;
			productReference = FCAE90052F380554005C55C1 /* FocusCageWidgetExtension.appex */;
			productType = "com.apple.product-type.app-extension";
		};
/* End PBXNativeTarget section */

/* Begin PBXProject section */
		A1B2C3D4PJ /* Project object */ = {
			isa = PBXProject;
			attributes = {
				BuildIndependentTargetsInParallel = 1;
				LastSwiftUpdateCheck = 2620;
				LastUpgradeCheck = 1500;
				TargetAttributes = {
					A1B2C3D4NT = {
						CreatedOnToolsVersion = 15.0;
					};
					E1E2E3E4NT = {
						CreatedOnToolsVersion = 15.0;
					};
					FCAE90042F380554005C55C1 = {
						CreatedOnToolsVersion = 26.2;
					};
				};
			};
			buildConfigurationList = A1B2C3D4PC /* Build configuration list for PBXProject "FocusCage" */;
			compatibilityVersion = "Xcode 14.0";
			developmentRegion = en;
			hasScannedForEncodings = 0;
			knownRegions = (
				en,
				Base,
			);
			mainGroup = A1B2C3D4G1;
			productRefGroup = A1B2C3D4G3 /* Products */;
			projectDirPath = "";
			projectRoot = "";
			targets = (
				A1B2C3D4NT /* FocusCage */,
				E1E2E3E4NT /* FocusCageMonitor */,
				FCAE90042F380554005C55C1 /* FocusCageWidgetExtension */,
			);
		};
/* End PBXProject section */

/* Begin PBXResourcesBuildPhase section */
		A1B2C3D4RS /* Resources */ = {
			isa = PBXResourcesBuildPhase;
			buildActionMask = 2147483647;
			files = (
				A1B2C3D405 /* Assets.xcassets in Resources */,
				A1B2C3D431 /* LaunchScreen.storyboard in Resources */,
			);
			runOnlyForDeploymentPostprocessing = 0;
		};
		E1E2E3E4RS /* Resources */ = {
			isa = PBXResourcesBuildPhase;
			buildActionMask = 2147483647;
			files = (
			);
			runOnlyForDeploymentPostprocessing = 0;
		};
		FCAE90032F380554005C55C1 /* Resources */ = {
			isa = PBXResourcesBuildPhase;
			buildActionMask = 2147483647;
			files = (
			);
			runOnlyForDeploymentPostprocessing = 0;
		};
/* End PBXResourcesBuildPhase section */

/* Begin PBXSourcesBuildPhase section */
		A1B2C3D4SR /* Sources */ = {
			isa = PBXSourcesBuildPhase;
			buildActionMask = 2147483647;
			files = (
				A1B2C3D401 /* FocusCageApp.swift in Sources */,
				A1B2C3D403 /* ContentView.swift in Sources */,
				A1B2C3D407 /* FocusProfile.swift in Sources */,
				A1B2C3D409 /* ProfileManager.swift in Sources */,
				A1B2C3D411 /* ScreenTimeManager.swift in Sources */,
				A1B2C3D413 /* ProfileListView.swift in Sources */,
				A1B2C3D415 /* ProfileDetailView.swift in Sources */,
				A1B2C3D417 /* CreateProfileView.swift in Sources */,
				A1B2C3D419 /* AppSelectionView.swift in Sources */,
				A1B2C3D421 /* ScheduleView.swift in Sources */,
				A1B2C3D423 /* ActiveProfileView.swift in Sources */,
				A1B2C3D425 /* SettingsView.swift in Sources */,
				A1B2C3D429 /* WebsiteSelectionView.swift in Sources */,
				E1E2E3E4A5 /* SharedDefaults.swift in Sources */,
				F1F2F3F401 /* CooldownSheet.swift in Sources */,
				F1F2F3F403 /* NuclearButtonSheet.swift in Sources */,
				G1G2G3G401 /* AppTheme.swift in Sources */,
				G1G2G3G403 /* ThemeManager.swift in Sources */,
				G1G2G3G405 /* SplashScreenView.swift in Sources */,
				H1H2H3H401 /* OnboardingView.swift in Sources */,
				H1H2H3H403 /* FocusSession.swift in Sources */,
				H1H2H3H405 /* StatisticsManager.swift in Sources */,
				H1H2H3H407 /* StatisticsView.swift in Sources */,
				H1H2H3H409 /* FocusCageActivity.swift in Sources */,
			);
			runOnlyForDeploymentPostprocessing = 0;
		};
		E1E2E3E4SR /* Sources */ = {
			isa = PBXSourcesBuildPhase;
			buildActionMask = 2147483647;
			files = (
				E1E2E3E4A1 /* DeviceActivityMonitorExtension.swift in Sources */,
				E1E2E3E4A3 /* FocusProfile.swift in Sources */,
				E1E2E3E4A4 /* SharedDefaults.swift in Sources */,
			);
			runOnlyForDeploymentPostprocessing = 0;
		};
		FCAE90012F380554005C55C1 /* Sources */ = {
			isa = PBXSourcesBuildPhase;
			buildActionMask = 2147483647;
			files = (
			);
			runOnlyForDeploymentPostprocessing = 0;
		};
/* End PBXSourcesBuildPhase section */

/* Begin PBXTargetDependency section */
		E1E2E3E4TD /* PBXTargetDependency */ = {
			isa = PBXTargetDependency;
			target = E1E2E3E4NT /* FocusCageMonitor */;
			targetProxy = E1E2E3E4CP /* PBXContainerItemProxy */;
		};
		FCAE90182F380555005C55C1 /* PBXTargetDependency */ = {
			isa = PBXTargetDependency;
			target = FCAE90042F380554005C55C1 /* FocusCageWidgetExtension */;
			targetProxy = FCAE90172F380555005C55C1 /* PBXContainerItemProxy */;
		};
/* End PBXTargetDependency section */

/* Begin XCBuildConfiguration section */
		A1B2C3D4D1 /* Debug */ = {
			isa = XCBuildConfiguration;
			buildSettings = {
				ALWAYS_SEARCH_USER_PATHS = NO;
				ASSETCATALOG_COMPILER_GENERATE_SWIFT_ASSET_SYMBOL_EXTENSIONS = YES;
				CLANG_ANALYZER_NONNULL = YES;
				CLANG_ANALYZER_NUMBER_OBJECT_CONVERSION = YES_AGGRESSIVE;
				CLANG_CXX_LANGUAGE_STANDARD = "gnu++20";
				CLANG_ENABLE_MODULES = YES;
				CLANG_ENABLE_OBJC_ARC = YES;
				CLANG_ENABLE_OBJC_WEAK = YES;
				CLANG_WARN_BLOCK_CAPTURE_AUTORELEASING = YES;
				CLANG_WARN_BOOL_CONVERSION = YES;
				CLANG_WARN_COMMA = YES;
				CLANG_WARN_CONSTANT_CONVERSION = YES;
				CLANG_WARN_DEPRECATED_OBJC_IMPLEMENTATIONS = YES;
				CLANG_WARN_DIRECT_OBJC_ISA_USAGE = YES_ERROR;
				CLANG_WARN_DOCUMENTATION_COMMENTS = YES;
				CLANG_WARN_EMPTY_BODY = YES;
				CLANG_WARN_ENUM_CONVERSION = YES;
				CLANG_WARN_INFINITE_RECURSION = YES;
				CLANG_WARN_INT_CONVERSION = YES;
				CLANG_WARN_NON_LITERAL_NULL_CONVERSION = YES;
				CLANG_WARN_OBJC_IMPLICIT_RETAIN_SELF = YES;
				CLANG_WARN_OBJC_LITERAL_CONVERSION = YES;
				CLANG_WARN_OBJC_ROOT_CLASS = YES_ERROR;
				CLANG_WARN_QUOTED_INCLUDE_IN_FRAMEWORK_HEADER = YES;
				CLANG_WARN_RANGE_LOOP_ANALYSIS = YES;
				CLANG_WARN_STRICT_PROTOTYPES = YES;
				CLANG_WARN_SUSPICIOUS_MOVE = YES;
				CLANG_WARN_UNGUARDED_AVAILABILITY = YES_AGGRESSIVE;
				CLANG_WARN_UNREACHABLE_CODE = YES;
				CLANG_WARN__DUPLICATE_METHOD_MATCH = YES;
				COPY_PHASE_STRIP = NO;
				DEBUG_INFORMATION_FORMAT = dwarf;
				ENABLE_STRICT_OBJC_MSGSEND = YES;
				ENABLE_TESTABILITY = YES;
				ENABLE_USER_SCRIPT_SANDBOXING = YES;
				GCC_C_LANGUAGE_STANDARD = gnu17;
				GCC_DYNAMIC_NO_PIC = NO;
				GCC_NO_COMMON_BLOCKS = YES;
				GCC_OPTIMIZATION_LEVEL = 0;
				GCC_PREPROCESSOR_DEFINITIONS = (
					"DEBUG=1",
					"$(inherited)",
				);
				GCC_WARN_64_TO_32_BIT_CONVERSION = YES;
				GCC_WARN_ABOUT_RETURN_TYPE = YES_ERROR;
				GCC_WARN_UNDECLARED_SELECTOR = YES;
				GCC_WARN_UNINITIALIZED_AUTOS = YES_AGGRESSIVE;
				GCC_WARN_UNUSED_FUNCTION = YES;
				GCC_WARN_UNUSED_VARIABLE = YES;
				IPHONEOS_DEPLOYMENT_TARGET = 17.0;
				LOCALIZATION_PREFERS_STRING_CATALOGS = YES;
				MTL_ENABLE_DEBUG_INFO = INCLUDE_SOURCE;
				MTL_FAST_MATH = YES;
				ONLY_ACTIVE_ARCH = YES;
				SDKROOT = iphoneos;
				SWIFT_ACTIVE_COMPILATION_CONDITIONS = "DEBUG $(inherited)";
				SWIFT_OPTIMIZATION_LEVEL = "-Onone";
			};
			name = Debug;
		};
		A1B2C3D4D2 /* Debug */ = {
			isa = XCBuildConfiguration;
			buildSettings = {
				ALWAYS_EMBED_SWIFT_STANDARD_LIBRARIES = YES;
				ASSETCATALOG_COMPILER_ALTERNATE_APPICON_NAMES = "$(ASSETCATALOG_COMPILER_ALTERNATE_APPICON_NAMES) AppIcon-Ocean AppIcon-Emerald AppIcon-Sunset AppIcon-Rose";
				ASSETCATALOG_COMPILER_APPICON_NAME = AppIcon;
				ASSETCATALOG_COMPILER_GLOBAL_ACCENT_COLOR_NAME = AccentColor;
				ASSETCATALOG_COMPILER_INCLUDE_ALL_APPICON_ASSETS = YES;
				CODE_SIGN_ENTITLEMENTS = FocusCage/FocusCage.entitlements;
				CODE_SIGN_STYLE = Automatic;
				CURRENT_PROJECT_VERSION = 1;
				DEVELOPMENT_TEAM = 5GDMGZQR8W;
				GENERATE_INFOPLIST_FILE = YES;
				INFOPLIST_FILE = FocusCage/Info.plist;
				INFOPLIST_KEY_NSFamilyControlsUsageDescription = "FocusCage needs access to Screen Time to block apps during focus sessions.";
				INFOPLIST_KEY_UIApplicationSceneManifest_Generation = YES;
				INFOPLIST_KEY_UIApplicationSupportsIndirectInputEvents = YES;
				INFOPLIST_KEY_UILaunchScreen_Generation = YES;
				INFOPLIST_KEY_UISupportedInterfaceOrientations_iPad = "UIInterfaceOrientationPortrait UIInterfaceOrientationPortraitUpsideDown UIInterfaceOrientationLandscapeLeft UIInterfaceOrientationLandscapeRight";
				INFOPLIST_KEY_UISupportedInterfaceOrientations_iPhone = "UIInterfaceOrientationPortrait UIInterfaceOrientationLandscapeLeft UIInterfaceOrientationLandscapeRight";
				LD_RUNPATH_SEARCH_PATHS = (
					"$(inherited)",
					"@executable_path/Frameworks",
				);
				MARKETING_VERSION = 1.0;
				PRODUCT_BUNDLE_IDENTIFIER = com.focuscage.app;
				PRODUCT_NAME = "$(TARGET_NAME)";
				SWIFT_EMIT_LOC_STRINGS = YES;
				SWIFT_VERSION = 5.0;
				TARGETED_DEVICE_FAMILY = "1,2";
			};
			name = Debug;
		};
		A1B2C3D4R1 /* Release */ = {
			isa = XCBuildConfiguration;
			buildSettings = {
				ALWAYS_SEARCH_USER_PATHS = NO;
				ASSETCATALOG_COMPILER_GENERATE_SWIFT_ASSET_SYMBOL_EXTENSIONS = YES;
				CLANG_ANALYZER_NONNULL = YES;
				CLANG_ANALYZER_NUMBER_OBJECT_CONVERSION = YES_AGGRESSIVE;
				CLANG_CXX_LANGUAGE_STANDARD = "gnu++20";
				CLANG_ENABLE_MODULES = YES;
				CLANG_ENABLE_OBJC_ARC = YES;
				CLANG_ENABLE_OBJC_WEAK = YES;
				CLANG_WARN_BLOCK_CAPTURE_AUTORELEASING = YES;
				CLANG_WARN_BOOL_CONVERSION = YES;
				CLANG_WARN_COMMA = YES;
				CLANG_WARN_CONSTANT_CONVERSION = YES;
				CLANG_WARN_DEPRECATED_OBJC_IMPLEMENTATIONS = YES;
				CLANG_WARN_DIRECT_OBJC_ISA_USAGE = YES_ERROR;
				CLANG_WARN_DOCUMENTATION_COMMENTS = YES;
				CLANG_WARN_EMPTY_BODY = YES;
				CLANG_WARN_ENUM_CONVERSION = YES;
				CLANG_WARN_INFINITE_RECURSION = YES;
				CLANG_WARN_INT_CONVERSION = YES;
				CLANG_WARN_NON_LITERAL_NULL_CONVERSION = YES;
				CLANG_WARN_OBJC_IMPLICIT_RETAIN_SELF = YES;
				CLANG_WARN_OBJC_LITERAL_CONVERSION = YES;
				CLANG_WARN_OBJC_ROOT_CLASS = YES_ERROR;
				CLANG_WARN_QUOTED_INCLUDE_IN_FRAMEWORK_HEADER = YES;
				CLANG_WARN_RANGE_LOOP_ANALYSIS = YES;
				CLANG_WARN_STRICT_PROTOTYPES = YES;
				CLANG_WARN_SUSPICIOUS_MOVE = YES;
				CLANG_WARN_UNGUARDED_AVAILABILITY = YES_AGGRESSIVE;
				CLANG_WARN_UNREACHABLE_CODE = YES;
				CLANG_WARN__DUPLICATE_METHOD_MATCH = YES;
				COPY_PHASE_STRIP = NO;
				DEBUG_INFORMATION_FORMAT = "dwarf-with-dsym";
				ENABLE_NS_ASSERTIONS = NO;
				ENABLE_STRICT_OBJC_MSGSEND = YES;
				ENABLE_USER_SCRIPT_SANDBOXING = YES;
				GCC_C_LANGUAGE_STANDARD = gnu17;
				GCC_NO_COMMON_BLOCKS = YES;
				GCC_WARN_64_TO_32_BIT_CONVERSION = YES;
				GCC_WARN_ABOUT_RETURN_TYPE = YES_ERROR;
				GCC_WARN_UNDECLARED_SELECTOR = YES;
				GCC_WARN_UNINITIALIZED_AUTOS = YES_AGGRESSIVE;
				GCC_WARN_UNUSED_FUNCTION = YES;
				GCC_WARN_UNUSED_VARIABLE = YES;
				IPHONEOS_DEPLOYMENT_TARGET = 17.0;
				LOCALIZATION_PREFERS_STRING_CATALOGS = YES;
				MTL_ENABLE_DEBUG_INFO = NO;
				MTL_FAST_MATH = YES;
				SDKROOT = iphoneos;
				SWIFT_COMPILATION_MODE = wholemodule;
				VALIDATE_PRODUCT = YES;
			};
			name = Release;
		};
		A1B2C3D4R2 /* Release */ = {
			isa = XCBuildConfiguration;
			buildSettings = {
				ALWAYS_EMBED_SWIFT_STANDARD_LIBRARIES = YES;
				ASSETCATALOG_COMPILER_ALTERNATE_APPICON_NAMES = "$(ASSETCATALOG_COMPILER_ALTERNATE_APPICON_NAMES) AppIcon-Ocean AppIcon-Emerald AppIcon-Sunset AppIcon-Rose";
				ASSETCATALOG_COMPILER_APPICON_NAME = AppIcon;
				ASSETCATALOG_COMPILER_GLOBAL_ACCENT_COLOR_NAME = AccentColor;
				ASSETCATALOG_COMPILER_INCLUDE_ALL_APPICON_ASSETS = YES;
				CODE_SIGN_ENTITLEMENTS = FocusCage/FocusCage.entitlements;
				CODE_SIGN_STYLE = Automatic;
				CURRENT_PROJECT_VERSION = 1;
				DEVELOPMENT_TEAM = 5GDMGZQR8W;
				GENERATE_INFOPLIST_FILE = YES;
				INFOPLIST_FILE = FocusCage/Info.plist;
				INFOPLIST_KEY_NSFamilyControlsUsageDescription = "FocusCage needs access to Screen Time to block apps during focus sessions.";
				INFOPLIST_KEY_UIApplicationSceneManifest_Generation = YES;
				INFOPLIST_KEY_UIApplicationSupportsIndirectInputEvents = YES;
				INFOPLIST_KEY_UILaunchScreen_Generation = YES;
				INFOPLIST_KEY_UISupportedInterfaceOrientations_iPad = "UIInterfaceOrientationPortrait UIInterfaceOrientationPortraitUpsideDown UIInterfaceOrientationLandscapeLeft UIInterfaceOrientationLandscapeRight";
				INFOPLIST_KEY_UISupportedInterfaceOrientations_iPhone = "UIInterfaceOrientationPortrait UIInterfaceOrientationLandscapeLeft UIInterfaceOrientationLandscapeRight";
				LD_RUNPATH_SEARCH_PATHS = (
					"$(inherited)",
					"@executable_path/Frameworks",
				);
				MARKETING_VERSION = 1.0;
				PRODUCT_BUNDLE_IDENTIFIER = com.focuscage.app;
				PRODUCT_NAME = "$(TARGET_NAME)";
				SWIFT_EMIT_LOC_STRINGS = YES;
				SWIFT_VERSION = 5.0;
				TARGETED_DEVICE_FAMILY = "1,2";
			};
			name = Release;
		};
		E1E2E3E4D1 /* Debug */ = {
			isa = XCBuildConfiguration;
			buildSettings = {
				CODE_SIGN_ENTITLEMENTS = FocusCageMonitor/FocusCageMonitor.entitlements;
				CODE_SIGN_STYLE = Automatic;
				CURRENT_PROJECT_VERSION = 1;
				DEVELOPMENT_TEAM = 5GDMGZQR8W;
				GENERATE_INFOPLIST_FILE = YES;
				INFOPLIST_FILE = FocusCageMonitor/Info.plist;
				INFOPLIST_KEY_CFBundleDisplayName = FocusCageMonitor;
				INFOPLIST_KEY_NSHumanReadableCopyright = "";
				LD_RUNPATH_SEARCH_PATHS = (
					"$(inherited)",
					"@executable_path/Frameworks",
					"@executable_path/../../Frameworks",
				);
				MARKETING_VERSION = 1.0;
				PRODUCT_BUNDLE_IDENTIFIER = com.focuscage.app.monitor;
				PRODUCT_NAME = "$(TARGET_NAME)";
				SKIP_INSTALL = YES;
				SWIFT_EMIT_LOC_STRINGS = YES;
				SWIFT_VERSION = 5.0;
				TARGETED_DEVICE_FAMILY = "1,2";
			};
			name = Debug;
		};
		E1E2E3E4R1 /* Release */ = {
			isa = XCBuildConfiguration;
			buildSettings = {
				CODE_SIGN_ENTITLEMENTS = FocusCageMonitor/FocusCageMonitor.entitlements;
				CODE_SIGN_STYLE = Automatic;
				CURRENT_PROJECT_VERSION = 1;
				DEVELOPMENT_TEAM = 5GDMGZQR8W;
				GENERATE_INFOPLIST_FILE = YES;
				INFOPLIST_FILE = FocusCageMonitor/Info.plist;
				INFOPLIST_KEY_CFBundleDisplayName = FocusCageMonitor;
				INFOPLIST_KEY_NSHumanReadableCopyright = "";
				LD_RUNPATH_SEARCH_PATHS = (
					"$(inherited)",
					"@executable_path/Frameworks",
					"@executable_path/../../Frameworks",
				);
				MARKETING_VERSION = 1.0;
				PRODUCT_BUNDLE_IDENTIFIER = com.focuscage.app.monitor;
				PRODUCT_NAME = "$(TARGET_NAME)";
				SKIP_INSTALL = YES;
				SWIFT_EMIT_LOC_STRINGS = YES;
				SWIFT_VERSION = 5.0;
				TARGETED_DEVICE_FAMILY = "1,2";
			};
			name = Release;
		};
		FCAE901A2F380555005C55C1 /* Debug */ = {
			isa = XCBuildConfiguration;
			buildSettings = {
				ASSETCATALOG_COMPILER_GLOBAL_ACCENT_COLOR_NAME = AccentColor;
				ASSETCATALOG_COMPILER_WIDGET_BACKGROUND_COLOR_NAME = WidgetBackground;
				CODE_SIGN_ENTITLEMENTS = FocusCageWidgetExtension.entitlements;
				CODE_SIGN_IDENTITY = "Apple Development";
				CODE_SIGN_STYLE = Automatic;
				CURRENT_PROJECT_VERSION = 1;
				DEVELOPMENT_TEAM = 5GDMGZQR8W;
				GENERATE_INFOPLIST_FILE = YES;
				INFOPLIST_FILE = FocusCageWidget/Info.plist;
				INFOPLIST_KEY_CFBundleDisplayName = FocusCageWidget;
				INFOPLIST_KEY_NSHumanReadableCopyright = "";
				IPHONEOS_DEPLOYMENT_TARGET = 17.0;
				LD_RUNPATH_SEARCH_PATHS = (
					"$(inherited)",
					"@executable_path/Frameworks",
					"@executable_path/../../Frameworks",
				);
				MARKETING_VERSION = 1.0;
				PRODUCT_BUNDLE_IDENTIFIER = com.focuscage.app.FocusCageWidget;
				PRODUCT_NAME = "$(TARGET_NAME)";
				PROVISIONING_PROFILE_SPECIFIER = "";
				SKIP_INSTALL = YES;
				STRING_CATALOG_GENERATE_SYMBOLS = YES;
				SWIFT_APPROACHABLE_CONCURRENCY = YES;
				SWIFT_EMIT_LOC_STRINGS = YES;
				SWIFT_UPCOMING_FEATURE_MEMBER_IMPORT_VISIBILITY = YES;
				SWIFT_VERSION = 5.0;
				TARGETED_DEVICE_FAMILY = "1,2";
			};
			name = Debug;
		};
		FCAE901B2F380555005C55C1 /* Release */ = {
			isa = XCBuildConfiguration;
			buildSettings = {
				ASSETCATALOG_COMPILER_GLOBAL_ACCENT_COLOR_NAME = AccentColor;
				ASSETCATALOG_COMPILER_WIDGET_BACKGROUND_COLOR_NAME = WidgetBackground;
				CODE_SIGN_ENTITLEMENTS = FocusCageWidgetExtension.entitlements;
				CODE_SIGN_IDENTITY = "Apple Development";
				CODE_SIGN_STYLE = Automatic;
				CURRENT_PROJECT_VERSION = 1;
				DEVELOPMENT_TEAM = 5GDMGZQR8W;
				GENERATE_INFOPLIST_FILE = YES;
				INFOPLIST_FILE = FocusCageWidget/Info.plist;
				INFOPLIST_KEY_CFBundleDisplayName = FocusCageWidget;
				INFOPLIST_KEY_NSHumanReadableCopyright = "";
				IPHONEOS_DEPLOYMENT_TARGET = 17.0;
				LD_RUNPATH_SEARCH_PATHS = (
					"$(inherited)",
					"@executable_path/Frameworks",
					"@executable_path/../../Frameworks",
				);
				MARKETING_VERSION = 1.0;
				PRODUCT_BUNDLE_IDENTIFIER = com.focuscage.app.FocusCageWidget;
				PRODUCT_NAME = "$(TARGET_NAME)";
				PROVISIONING_PROFILE_SPECIFIER = "";
				SKIP_INSTALL = YES;
				STRING_CATALOG_GENERATE_SYMBOLS = YES;
				SWIFT_APPROACHABLE_CONCURRENCY = YES;
				SWIFT_EMIT_LOC_STRINGS = YES;
				SWIFT_UPCOMING_FEATURE_MEMBER_IMPORT_VISIBILITY = YES;
				SWIFT_VERSION = 5.0;
				TARGETED_DEVICE_FAMILY = "1,2";
			};
			name = Release;
		};
/* End XCBuildConfiguration section */

/* Begin XCConfigurationList section */
		A1B2C3D4CL /* Build configuration list for PBXNativeTarget "FocusCage" */ = {
			isa = XCConfigurationList;
			buildConfigurations = (
				A1B2C3D4D2 /* Debug */,
				A1B2C3D4R2 /* Release */,
			);
			defaultConfigurationIsVisible = 0;
			defaultConfigurationName = Release;
		};
		A1B2C3D4PC /* Build configuration list for PBXProject "FocusCage" */ = {
			isa = XCConfigurationList;
			buildConfigurations = (
				A1B2C3D4D1 /* Debug */,
				A1B2C3D4R1 /* Release */,
			);
			defaultConfigurationIsVisible = 0;
			defaultConfigurationName = Release;
		};
		E1E2E3E4CL /* Build configuration list for PBXNativeTarget "FocusCageMonitor" */ = {
			isa = XCConfigurationList;
			buildConfigurations = (
				E1E2E3E4D1 /* Debug */,
				E1E2E3E4R1 /* Release */,
			);
			defaultConfigurationIsVisible = 0;
			defaultConfigurationName = Release;
		};
		FCAE901D2F380555005C55C1 /* Build configuration list for PBXNativeTarget "FocusCageWidgetExtension" */ = {
			isa = XCConfigurationList;
			buildConfigurations = (
				FCAE901A2F380555005C55C1 /* Debug */,
				FCAE901B2F380555005C55C1 /* Release */,
			);
			defaultConfigurationIsVisible = 0;
			defaultConfigurationName = Release;
		};
/* End XCConfigurationList section */
	};
	rootObject = A1B2C3D4PJ /* Project object */;
}
